
Microsoft Visual Studio Solution File, Format Version 12.00
# Visual Studio 14
VisualStudioVersion = 14.0.25420.1
MinimumVisualStudioVersion = 10.0.40219.1
Project("{FAE04EC0-301F-11D3-BF4B-00C04F79EFBC}") = "GestionReservas.Data", "GestionReservas.Data\GestionReservas.Data.csproj", "{EA01764B-736B-48AB-A3BE-B27D8C79C724}"
EndProject
Project("{FAE04EC0-301F-11D3-BF4B-00C04F79EFBC}") = "GestionReservas.UI", "GestionReservas.UI\GestionReservas.UI.csproj", "{88D10CB0-D04A-4FC4-9911-FDB34A2D711D}"
EndProject
Project("{FAE04EC0-301F-11D3-BF4B-00C04F79EFBC}") = "GestionReservas.WebApi", "GestionReservas.WebApi\GestionReservas.WebApi.csproj", "{DB0392BF-8C8C-4CEA-8325-1FC68EC00381}"
EndProject
Global
	GlobalSection(SolutionConfigurationPlatforms) = preSolution
		Debug|Any CPU = Debug|Any CPU
		Release|Any CPU = Release|Any CPU
	EndGlobalSection
	GlobalSection(ProjectConfigurationPlatforms) = postSolution
		{EA01764B-736B-48AB-A3BE-B27D8C79C724}.Debug|Any CPU.ActiveCfg = Debug|Any CPU
		{EA01764B-736B-48AB-A3BE-B27D8C79C724}.Debug|Any CPU.Build.0 = Debug|Any CPU
		{EA01764B-736B-48AB-A3BE-B27D8C79C724}.Release|Any CPU.ActiveCfg = Release|Any CPU
		{EA01764B-736B-48AB-A3BE-B27D8C79C724}.Release|Any CPU.Build.0 = Release|Any CPU
		{88D10CB0-D04A-4FC4-9911-FDB34A2D711D}.Debug|Any CPU.ActiveCfg = Debug|Any CPU
		{88D10CB0-D04A-4FC4-9911-FDB34A2D711D}.Debug|Any CPU.Build.0 = Debug|Any CPU
		{88D10CB0-D04A-4FC4-9911-FDB34A2D711D}.Release|Any CPU.ActiveCfg = Release|Any CPU
		{88D10CB0-D04A-4FC4-9911-FDB34A2D711D}.Release|Any CPU.Build.0 = Release|Any CPU
		{DB0392BF-8C8C-4CEA-8325-1FC68EC00381}.Debug|Any CPU.ActiveCfg = Debug|Any CPU
		{DB0392BF-8C8C-4CEA-8325-1FC68EC00381}.Debug|Any CPU.Build.0 = Debug|Any CPU
		{DB0392BF-8C8C-4CEA-8325-1FC68EC00381}.Release|Any CPU.ActiveCfg = Release|Any CPU
		{DB0392BF-8C8C-4CEA-8325-1FC68EC00381}.Release|Any CPU.Build.0 = Release|Any CPU
	EndGlobalSection
	GlobalSection(SolutionProperties) = preSolution
		HideSolutionNode = FALSE
	EndGlobalSection
EndGlobal
